PODS:
  - CommonAPIHelpers/CAHGoogleAnalyticsHelper (0.5.0):
    - GoogleAnalytics-iOS-SDK
    - TDTChocolate/FoundationAdditions
  - CommonAPIHelpers/CAHHUD (0.5.0):
    - MBProgressHUD (~> 0.9)
    - TDTChocolate/FoundationAdditions
  - CommonAPIHelpers/CAHMailController (0.5.0):
    - TDTChocolate/FoundationAdditions
  - GoogleAnalytics-iOS-SDK (3.12):
    - GoogleAnalytics-iOS-SDK/Core (= 3.12)
  - GoogleAnalytics-iOS-SDK/Core (3.12)
  - MBProgressHUD (0.9.2)
  - TDTChocolate/FoundationAdditions (2.12.0)

DEPENDENCIES:
  - CommonAPIHelpers/CAHGoogleAnalyticsHelper (from `../`)
  - CommonAPIHelpers/CAHHUD (from `../`)
  - CommonAPIHelpers/CAHMailController (from `../`)

EXTERNAL SOURCES:
  CommonAPIHelpers:
    :path: ../

SPEC CHECKSUMS:
  CommonAPIHelpers: 2aa1c3f6dfdf0ffdca21b8537057425150eec80c
  GoogleAnalytics-iOS-SDK: 13241762fa4aea845eb75bef6c0da3427a26e7b3
  MBProgressHUD: 1569cf7ace17a8bac47aabfbb8580a49690386d1
  TDTChocolate: cfe420907e309b3e70ef31189f036aecee8cd21e

PODFILE CHECKSUM: 81e61808ca3744905ef342c241613cad1f3c2adc

COCOAPODS: 1.2.0
