PODS:
  - CommonAPIHelpers (1.0.0):
    - GoogleAnalytics-iOS-SDK
    - MBProgressHUD (~> 0.9)
    - TDTChocolate/FoundationAdditions
    - UIDevice-Helpers (~> 0.0.1)
  - GoogleAnalytics-iOS-SDK (3.10):
    - GoogleAnalytics-iOS-SDK/Core (= 3.10)
  - GoogleAnalytics-iOS-SDK/Core (3.10)
  - MBProgressHUD (0.9)
  - TDTChocolate/FoundationAdditions (2.6.1)
  - UIDevice-Helpers (0.0.2)

DEPENDENCIES:
  - CommonAPIHelpers (from `../`)

EXTERNAL SOURCES:
  CommonAPIHelpers:
    :path: ../

SPEC CHECKSUMS:
  CommonAPIHelpers: 5dca3b83727513beeb65219cc89be14d9aa971ed
  GoogleAnalytics-iOS-SDK: f422062075d9ccb1ea8d783fc5ba3829461e9502
  MBProgressHUD: 2038dbcf3dce73215abed6001657043d53aa79a8
  TDTChocolate: f4c2f4dd700b0143fb36cf3dd5817260f7a970fb
  UIDevice-Helpers: 58bf1344ef602879d0d681e809e3b8c7cd744c2c

COCOAPODS: 0.35.0
